// !$*UTF8*$!
{
	archiveVersion = 1;
	classes = {
	};
	objectVersion = 56;
	objects = {

/* Begin PBXBuildFile section */
		E5E3E1462B6000020030551B /* AppDelegate.swift in Sources */ = {isa = PBXBuildFile; fileRef = E5E3E1452B6000020030551B /* AppDelegate.swift */; };
		E5E3E14F2B6000030030551B /* Assets.xcassets in Resources */ = {isa = PBXBuildFile; fileRef = E5E3E14E2B6000030030551B /* Assets.xcassets */; };
		E5E3E1522B6000030030551B /* LaunchScreen.storyboard in Resources */ = {isa = PBXBuildFile; fileRef = E5E3E1502B6000030030551B /* LaunchScreen.storyboard */; };
		E5E3E15C2B6001D90030551B /* Injected.swift in Sources */ = {isa = PBXBuildFile; fileRef = E5E3E15B2B6001D90030551B /* Injected.swift */; };
		E5E3E15E2B6002B50030551B /* DependencyStore.swift in Sources */ = {isa = PBXBuildFile; fileRef = E5E3E15D2B6002B50030551B /* DependencyStore.swift */; };
		E5E3E1602B6002D90030551B /* DependencyStore+RegisterAll.swift in Sources */ = {isa = PBXBuildFile; fileRef = E5E3E15F2B6002D90030551B /* DependencyStore+RegisterAll.swift */; };
		E5E3E1652B6005400030551B /* MainCoordinator.swift in Sources */ = {isa = PBXBuildFile; fileRef = E5E3E1642B6005400030551B /* MainCoordinator.swift */; };
		E5E3E1672B6005DE0030551B /* CoordinatorFactory.swift in Sources */ = {isa = PBXBuildFile; fileRef = E5E3E1662B6005DE0030551B /* CoordinatorFactory.swift */; };
		E5E3E1692B6006050030551B /* CoordinatorProtocol.swift in Sources */ = {isa = PBXBuildFile; fileRef = E5E3E1682B6006050030551B /* CoordinatorProtocol.swift */; };
		E5E3E16D2B6006970030551B /* InOutableProtocol.swift in Sources */ = {isa = PBXBuildFile; fileRef = E5E3E16C2B6006970030551B /* InOutableProtocol.swift */; };
		E5E3E16F2B6007520030551B /* ModuleProtocol.swift in Sources */ = {isa = PBXBuildFile; fileRef = E5E3E16E2B6007520030551B /* ModuleProtocol.swift */; };
		E5E3E1712B6007A60030551B /* AppCoordinator.swift in Sources */ = {isa = PBXBuildFile; fileRef = E5E3E1702B6007A60030551B /* AppCoordinator.swift */; };
		E5E3E1732B6007D90030551B /* BaseCoordinator.swift in Sources */ = {isa = PBXBuildFile; fileRef = E5E3E1722B6007D90030551B /* BaseCoordinator.swift */; };
		E5E3E1782B6008AA0030551B /* WelcomeModule.swift in Sources */ = {isa = PBXBuildFile; fileRef = E5E3E1772B6008AA0030551B /* WelcomeModule.swift */; };
		E5E3E17B2B600A2D0030551B /* ModulesBuilder.swift in Sources */ = {isa = PBXBuildFile; fileRef = E5E3E17A2B600A2D0030551B /* ModulesBuilder.swift */; };
		E5E3E17D2B600AFE0030551B /* WelcomeView.swift in Sources */ = {isa = PBXBuildFile; fileRef = E5E3E17C2B600AFE0030551B /* WelcomeView.swift */; };
		E5E3E17F2B600B050030551B /* WelcomePresenter.swift in Sources */ = {isa = PBXBuildFile; fileRef = E5E3E17E2B600B050030551B /* WelcomePresenter.swift */; };
		E5E3E1812B600B210030551B /* WelcomeInteractor.swift in Sources */ = {isa = PBXBuildFile; fileRef = E5E3E1802B600B210030551B /* WelcomeInteractor.swift */; };
		E5E3E1852B600C360030551B /* BaseViewController.swift in Sources */ = {isa = PBXBuildFile; fileRef = E5E3E1842B600C360030551B /* BaseViewController.swift */; };
		E5E3E1882B600CD90030551B /* BaseViewControllerPlugin.swift in Sources */ = {isa = PBXBuildFile; fileRef = E5E3E1872B600CD90030551B /* BaseViewControllerPlugin.swift */; };
		E5E3E18B2B600ED30030551B /* UIViewController+Extension.swift in Sources */ = {isa = PBXBuildFile; fileRef = E5E3E18A2B600ED30030551B /* UIViewController+Extension.swift */; };
		E5E3E1902B60138D0030551B /* R.generated.swift in Sources */ = {isa = PBXBuildFile; fileRef = E5E3E18F2B60138D0030551B /* R.generated.swift */; };
		E5E3E1922B6013CC0030551B /* Localizable.strings in Resources */ = {isa = PBXBuildFile; fileRef = E5E3E1912B6013CC0030551B /* Localizable.strings */; };
		E5E3E1942B6019090030551B /* AuthCoordinator.swift in Sources */ = {isa = PBXBuildFile; fileRef = E5E3E1932B6019090030551B /* AuthCoordinator.swift */; };
		E5E3E1962B60195D0030551B /* NavigationCoordinator.swift in Sources */ = {isa = PBXBuildFile; fileRef = E5E3E1952B60195D0030551B /* NavigationCoordinator.swift */; };
		E5E3E1982B60196C0030551B /* Navigator.swift in Sources */ = {isa = PBXBuildFile; fileRef = E5E3E1972B60196C0030551B /* Navigator.swift */; };
		E5E3E19B2B6019DE0030551B /* UINavigationBar+Extension.swift in Sources */ = {isa = PBXBuildFile; fileRef = E5E3E19A2B6019DE0030551B /* UINavigationBar+Extension.swift */; };
		FDCE99A8A0F615384F85257A /* Pods_Otmetka_x.framework in Frameworks */ = {isa = PBXBuildFile; fileRef = A04B39C95BDCEEC27475BD57 /* Pods_Otmetka_x.framework */; };
/* End PBXBuildFile section */

/* Begin PBXFileReference section */
		A04B39C95BDCEEC27475BD57 /* Pods_Otmetka_x.framework */ = {isa = PBXFileReference; explicitFileType = wrapper.framework; includeInIndex = 0; path = Pods_Otmetka_x.framework; sourceTree = BUILT_PRODUCTS_DIR; };
		DE046C858D8417EFBEF9CA05 /* Pods-Otmetka-x.debug.xcconfig */ = {isa = PBXFileReference; includeInIndex = 1; lastKnownFileType = text.xcconfig; name = "Pods-Otmetka-x.debug.xcconfig"; path = "Target Support Files/Pods-Otmetka-x/Pods-Otmetka-x.debug.xcconfig"; sourceTree = "<group>"; };
		E5E3E1422B6000020030551B /* Otmetka-x.app */ = {isa = PBXFileReference; explicitFileType = wrapper.application; includeInIndex = 0; path = "Otmetka-x.app"; sourceTree = BUILT_PRODUCTS_DIR; };
		E5E3E1452B6000020030551B /* AppDelegate.swift */ = {isa = PBXFileReference; lastKnownFileType = sourcecode.swift; path = AppDelegate.swift; sourceTree = "<group>"; };
		E5E3E14E2B6000030030551B /* Assets.xcassets */ = {isa = PBXFileReference; lastKnownFileType = folder.assetcatalog; path = Assets.xcassets; sourceTree = "<group>"; };
		E5E3E1512B6000030030551B /* Base */ = {isa = PBXFileReference; lastKnownFileType = file.storyboard; name = Base; path = Base.lproj/LaunchScreen.storyboard; sourceTree = "<group>"; };
		E5E3E1532B6000030030551B /* Info.plist */ = {isa = PBXFileReference; lastKnownFileType = text.plist.xml; path = Info.plist; sourceTree = "<group>"; };
		E5E3E15B2B6001D90030551B /* Injected.swift */ = {isa = PBXFileReference; lastKnownFileType = sourcecode.swift; path = Injected.swift; sourceTree = "<group>"; };
		E5E3E15D2B6002B50030551B /* DependencyStore.swift */ = {isa = PBXFileReference; lastKnownFileType = sourcecode.swift; path = DependencyStore.swift; sourceTree = "<group>"; };
		E5E3E15F2B6002D90030551B /* DependencyStore+RegisterAll.swift */ = {isa = PBXFileReference; lastKnownFileType = sourcecode.swift; path = "DependencyStore+RegisterAll.swift"; sourceTree = "<group>"; };
		E5E3E1642B6005400030551B /* MainCoordinator.swift */ = {isa = PBXFileReference; lastKnownFileType = sourcecode.swift; path = MainCoordinator.swift; sourceTree = "<group>"; };
		E5E3E1662B6005DE0030551B /* CoordinatorFactory.swift */ = {isa = PBXFileReference; lastKnownFileType = sourcecode.swift; path = CoordinatorFactory.swift; sourceTree = "<group>"; };
		E5E3E1682B6006050030551B /* CoordinatorProtocol.swift */ = {isa = PBXFileReference; lastKnownFileType = sourcecode.swift; path = CoordinatorProtocol.swift; sourceTree = "<group>"; };
		E5E3E16C2B6006970030551B /* InOutableProtocol.swift */ = {isa = PBXFileReference; lastKnownFileType = sourcecode.swift; path = InOutableProtocol.swift; sourceTree = "<group>"; };
		E5E3E16E2B6007520030551B /* ModuleProtocol.swift */ = {isa = PBXFileReference; lastKnownFileType = sourcecode.swift; path = ModuleProtocol.swift; sourceTree = "<group>"; };
		E5E3E1702B6007A60030551B /* AppCoordinator.swift */ = {isa = PBXFileReference; lastKnownFileType = sourcecode.swift; path = AppCoordinator.swift; sourceTree = "<group>"; };
		E5E3E1722B6007D90030551B /* BaseCoordinator.swift */ = {isa = PBXFileReference; lastKnownFileType = sourcecode.swift; path = BaseCoordinator.swift; sourceTree = "<group>"; };
		E5E3E1772B6008AA0030551B /* WelcomeModule.swift */ = {isa = PBXFileReference; lastKnownFileType = sourcecode.swift; path = WelcomeModule.swift; sourceTree = "<group>"; };
		E5E3E17A2B600A2D0030551B /* ModulesBuilder.swift */ = {isa = PBXFileReference; lastKnownFileType = sourcecode.swift; path = ModulesBuilder.swift; sourceTree = "<group>"; };
		E5E3E17C2B600AFE0030551B /* WelcomeView.swift */ = {isa = PBXFileReference; lastKnownFileType = sourcecode.swift; path = WelcomeView.swift; sourceTree = "<group>"; };
		E5E3E17E2B600B050030551B /* WelcomePresenter.swift */ = {isa = PBXFileReference; lastKnownFileType = sourcecode.swift; path = WelcomePresenter.swift; sourceTree = "<group>"; };
		E5E3E1802B600B210030551B /* WelcomeInteractor.swift */ = {isa = PBXFileReference; lastKnownFileType = sourcecode.swift; path = WelcomeInteractor.swift; sourceTree = "<group>"; };
		E5E3E1842B600C360030551B /* BaseViewController.swift */ = {isa = PBXFileReference; lastKnownFileType = sourcecode.swift; path = BaseViewController.swift; sourceTree = "<group>"; };
		E5E3E1872B600CD90030551B /* BaseViewControllerPlugin.swift */ = {isa = PBXFileReference; lastKnownFileType = sourcecode.swift; path = BaseViewControllerPlugin.swift; sourceTree = "<group>"; };
		E5E3E18A2B600ED30030551B /* UIViewController+Extension.swift */ = {isa = PBXFileReference; lastKnownFileType = sourcecode.swift; path = "UIViewController+Extension.swift"; sourceTree = "<group>"; };
		E5E3E18F2B60138D0030551B /* R.generated.swift */ = {isa = PBXFileReference; fileEncoding = 4; lastKnownFileType = sourcecode.swift; path = R.generated.swift; sourceTree = SOURCE_ROOT; };
		E5E3E1912B6013CC0030551B /* Localizable.strings */ = {isa = PBXFileReference; lastKnownFileType = text.plist.strings; path = Localizable.strings; sourceTree = "<group>"; };
		E5E3E1932B6019090030551B /* AuthCoordinator.swift */ = {isa = PBXFileReference; lastKnownFileType = sourcecode.swift; path = AuthCoordinator.swift; sourceTree = "<group>"; };
		E5E3E1952B60195D0030551B /* NavigationCoordinator.swift */ = {isa = PBXFileReference; lastKnownFileType = sourcecode.swift; path = NavigationCoordinator.swift; sourceTree = "<group>"; };
		E5E3E1972B60196C0030551B /* Navigator.swift */ = {isa = PBXFileReference; lastKnownFileType = sourcecode.swift; path = Navigator.swift; sourceTree = "<group>"; };
		E5E3E19A2B6019DE0030551B /* UINavigationBar+Extension.swift */ = {isa = PBXFileReference; lastKnownFileType = sourcecode.swift; path = "UINavigationBar+Extension.swift"; sourceTree = "<group>"; };
		FCB233754A3EE02B1DEB7179 /* Pods-Otmetka-x.release.xcconfig */ = {isa = PBXFileReference; includeInIndex = 1; lastKnownFileType = text.xcconfig; name = "Pods-Otmetka-x.release.xcconfig"; path = "Target Support Files/Pods-Otmetka-x/Pods-Otmetka-x.release.xcconfig"; sourceTree = "<group>"; };
/* End PBXFileReference section */

/* Begin PBXFrameworksBuildPhase section */
		E5E3E13F2B6000020030551B /* Frameworks */ = {
			isa = PBXFrameworksBuildPhase;
			buildActionMask = 2147483647;
			files = (
				FDCE99A8A0F615384F85257A /* Pods_Otmetka_x.framework in Frameworks */,
			);
			runOnlyForDeploymentPostprocessing = 0;
		};
/* End PBXFrameworksBuildPhase section */

/* Begin PBXGroup section */
		6F44F5AB9B9BEF7E8DD3F869 /* Pods */ = {
			isa = PBXGroup;
			children = (
				DE046C858D8417EFBEF9CA05 /* Pods-Otmetka-x.debug.xcconfig */,
				FCB233754A3EE02B1DEB7179 /* Pods-Otmetka-x.release.xcconfig */,
			);
			path = Pods;
			sourceTree = "<group>";
		};
		E5E3E1392B6000020030551B = {
			isa = PBXGroup;
			children = (
				E5E3E1442B6000020030551B /* Otmetka-x */,
				E5E3E1432B6000020030551B /* Products */,
				6F44F5AB9B9BEF7E8DD3F869 /* Pods */,
				EEBDC88FD1726434F6BCF75F /* Frameworks */,
			);
			sourceTree = "<group>";
		};
		E5E3E1432B6000020030551B /* Products */ = {
			isa = PBXGroup;
			children = (
				E5E3E1422B6000020030551B /* Otmetka-x.app */,
			);
			name = Products;
			sourceTree = "<group>";
		};
		E5E3E1442B6000020030551B /* Otmetka-x */ = {
			isa = PBXGroup;
			children = (
				E5E3E18F2B60138D0030551B /* R.generated.swift */,
				E5E3E1592B60014B0030551B /* Application */,
				E5E3E1742B6008500030551B /* Modules */,
				E5E3E14E2B6000030030551B /* Assets.xcassets */,
				E5E3E1502B6000030030551B /* LaunchScreen.storyboard */,
				E5E3E1532B6000030030551B /* Info.plist */,
				E5E3E1912B6013CC0030551B /* Localizable.strings */,
			);
			path = "Otmetka-x";
			sourceTree = "<group>";
		};
		E5E3E1592B60014B0030551B /* Application */ = {
			isa = PBXGroup;
			children = (
				E5E3E1452B6000020030551B /* AppDelegate.swift */,
				E5E3E1702B6007A60030551B /* AppCoordinator.swift */,
				E5E3E1642B6005400030551B /* MainCoordinator.swift */,
				E5E3E1612B6003050030551B /* Coordinators */,
				E5E3E15A2B6001C00030551B /* Dependencies */,
				E5E3E16A2B6006770030551B /* Common */,
			);
			path = Application;
			sourceTree = "<group>";
		};
		E5E3E15A2B6001C00030551B /* Dependencies */ = {
			isa = PBXGroup;
			children = (
				E5E3E15B2B6001D90030551B /* Injected.swift */,
				E5E3E15D2B6002B50030551B /* DependencyStore.swift */,
				E5E3E15F2B6002D90030551B /* DependencyStore+RegisterAll.swift */,
			);
			path = Dependencies;
			sourceTree = "<group>";
		};
		E5E3E1612B6003050030551B /* Coordinators */ = {
			isa = PBXGroup;
			children = (
				E5E3E1622B6003120030551B /* Flows */,
				E5E3E1632B60031D0030551B /* Base */,
				E5E3E1662B6005DE0030551B /* CoordinatorFactory.swift */,
			);
			path = Coordinators;
			sourceTree = "<group>";
		};
		E5E3E1622B6003120030551B /* Flows */ = {
			isa = PBXGroup;
			children = (
				E5E3E1932B6019090030551B /* AuthCoordinator.swift */,
			);
			path = Flows;
			sourceTree = "<group>";
		};
		E5E3E1632B60031D0030551B /* Base */ = {
			isa = PBXGroup;
			children = (
				E5E3E1682B6006050030551B /* CoordinatorProtocol.swift */,
				E5E3E1722B6007D90030551B /* BaseCoordinator.swift */,
				E5E3E1952B60195D0030551B /* NavigationCoordinator.swift */,
				E5E3E1972B60196C0030551B /* Navigator.swift */,
			);
			path = Base;
			sourceTree = "<group>";
		};
		E5E3E16A2B6006770030551B /* Common */ = {
			isa = PBXGroup;
			children = (
				E5E3E16B2B60068A0030551B /* Protocols */,
			);
			path = Common;
			sourceTree = "<group>";
		};
		E5E3E16B2B60068A0030551B /* Protocols */ = {
			isa = PBXGroup;
			children = (
				E5E3E16C2B6006970030551B /* InOutableProtocol.swift */,
				E5E3E16E2B6007520030551B /* ModuleProtocol.swift */,
			);
			path = Protocols;
			sourceTree = "<group>";
		};
		E5E3E1742B6008500030551B /* Modules */ = {
			isa = PBXGroup;
			children = (
				E5E3E1822B600C070030551B /* Common Views */,
				E5E3E1792B600A1F0030551B /* Common */,
				E5E3E1752B60086A0030551B /* Authorization Block */,
			);
			path = Modules;
			sourceTree = "<group>";
		};
		E5E3E1752B60086A0030551B /* Authorization Block */ = {
			isa = PBXGroup;
			children = (
				E5E3E1762B6008940030551B /* Welcome */,
			);
			path = "Authorization Block";
			sourceTree = "<group>";
		};
		E5E3E1762B6008940030551B /* Welcome */ = {
			isa = PBXGroup;
			children = (
				E5E3E1772B6008AA0030551B /* WelcomeModule.swift */,
				E5E3E17C2B600AFE0030551B /* WelcomeView.swift */,
				E5E3E17E2B600B050030551B /* WelcomePresenter.swift */,
				E5E3E1802B600B210030551B /* WelcomeInteractor.swift */,
			);
			path = Welcome;
			sourceTree = "<group>";
		};
		E5E3E1792B600A1F0030551B /* Common */ = {
			isa = PBXGroup;
			children = (
				E5E3E17A2B600A2D0030551B /* ModulesBuilder.swift */,
			);
			path = Common;
			sourceTree = "<group>";
		};
		E5E3E1822B600C070030551B /* Common Views */ = {
			isa = PBXGroup;
			children = (
				E5E3E1892B600EB60030551B /* Extensions */,
				E5E3E1832B600C170030551B /* Base View */,
			);
			path = "Common Views";
			sourceTree = "<group>";
		};
		E5E3E1832B600C170030551B /* Base View */ = {
			isa = PBXGroup;
			children = (
				E5E3E1862B600C700030551B /* Plugin */,
				E5E3E1842B600C360030551B /* BaseViewController.swift */,
			);
			path = "Base View";
			sourceTree = "<group>";
		};
		E5E3E1862B600C700030551B /* Plugin */ = {
			isa = PBXGroup;
			children = (
				E5E3E1872B600CD90030551B /* BaseViewControllerPlugin.swift */,
			);
			path = Plugin;
			sourceTree = "<group>";
		};
		E5E3E1892B600EB60030551B /* Extensions */ = {
			isa = PBXGroup;
			children = (
				E5E3E1992B6019CC0030551B /* UIElements */,
			);
			path = Extensions;
			sourceTree = "<group>";
		};
		E5E3E1992B6019CC0030551B /* UIElements */ = {
			isa = PBXGroup;
			children = (
				E5E3E18A2B600ED30030551B /* UIViewController+Extension.swift */,
				E5E3E19A2B6019DE0030551B /* UINavigationBar+Extension.swift */,
			);
			path = UIElements;
			sourceTree = "<group>";
		};
		EEBDC88FD1726434F6BCF75F /* Frameworks */ = {
			isa = PBXGroup;
			children = (
				A04B39C95BDCEEC27475BD57 /* Pods_Otmetka_x.framework */,
			);
			name = Frameworks;
			sourceTree = "<group>";
		};
/* End PBXGroup section */

/* Begin PBXNativeTarget section */
		E5E3E1412B6000020030551B /* Otmetka-x */ = {
			isa = PBXNativeTarget;
			buildConfigurationList = E5E3E1562B6000030030551B /* Build configuration list for PBXNativeTarget "Otmetka-x" */;
			buildPhases = (
				DDAE0EC746DE59FD671522A3 /* [CP] Check Pods Manifest.lock */,
				E5E3E18C2B60111D0030551B /* RSwift */,
				E5E3E18D2B6011B90030551B /* SwiftFormat */,
				E5E3E18E2B6011E60030551B /* SwiftLint */,
				E5E3E13E2B6000020030551B /* Sources */,
				E5E3E13F2B6000020030551B /* Frameworks */,
				E5E3E1402B6000020030551B /* Resources */,
				ECA6B335BF4A777DE088F1E4 /* [CP] Embed Pods Frameworks */,
			);
			buildRules = (
			);
			dependencies = (
			);
			name = "Otmetka-x";
			productName = "Otmetka-x";
			productReference = E5E3E1422B6000020030551B /* Otmetka-x.app */;
			productType = "com.apple.product-type.application";
		};
/* End PBXNativeTarget section */

/* Begin PBXProject section */
		E5E3E13A2B6000020030551B /* Project object */ = {
			isa = PBXProject;
			attributes = {
				BuildIndependentTargetsInParallel = 1;
				LastSwiftUpdateCheck = 1510;
				LastUpgradeCheck = 1510;
				TargetAttributes = {
					E5E3E1412B6000020030551B = {
						CreatedOnToolsVersion = 15.1;
					};
				};
			};
			buildConfigurationList = E5E3E13D2B6000020030551B /* Build configuration list for PBXProject "Otmetka-x" */;
			compatibilityVersion = "Xcode 14.0";
			developmentRegion = en;
			hasScannedForEncodings = 0;
			knownRegions = (
				en,
				Base,
			);
			mainGroup = E5E3E1392B6000020030551B;
			productRefGroup = E5E3E1432B6000020030551B /* Products */;
			projectDirPath = "";
			projectRoot = "";
			targets = (
				E5E3E1412B6000020030551B /* Otmetka-x */,
			);
		};
/* End PBXProject section */

/* Begin PBXResourcesBuildPhase section */
		E5E3E1402B6000020030551B /* Resources */ = {
			isa = PBXResourcesBuildPhase;
			buildActionMask = 2147483647;
			files = (
				E5E3E1522B6000030030551B /* LaunchScreen.storyboard in Resources */,
				E5E3E1922B6013CC0030551B /* Localizable.strings in Resources */,
				E5E3E14F2B6000030030551B /* Assets.xcassets in Resources */,
			);
			runOnlyForDeploymentPostprocessing = 0;
		};
/* End PBXResourcesBuildPhase section */

/* Begin PBXShellScriptBuildPhase section */
		DDAE0EC746DE59FD671522A3 /* [CP] Check Pods Manifest.lock */ = {
			isa = PBXShellScriptBuildPhase;
			buildActionMask = 2147483647;
			files = (
			);
			inputFileListPaths = (
			);
			inputPaths = (
				"${PODS_PODFILE_DIR_PATH}/Podfile.lock",
				"${PODS_ROOT}/Manifest.lock",
			);
			name = "[CP] Check Pods Manifest.lock";
			outputFileListPaths = (
			);
			outputPaths = (
				"$(DERIVED_FILE_DIR)/Pods-Otmetka-x-checkManifestLockResult.txt",
			);
			runOnlyForDeploymentPostprocessing = 0;
			shellPath = /bin/sh;
			shellScript = "diff \"${PODS_PODFILE_DIR_PATH}/Podfile.lock\" \"${PODS_ROOT}/Manifest.lock\" > /dev/null\nif [ $? != 0 ] ; then\n    # print error to STDERR\n    echo \"error: The sandbox is not in sync with the Podfile.lock. Run 'pod install' or update your CocoaPods installation.\" >&2\n    exit 1\nfi\n# This output is used by Xcode 'outputs' to avoid re-running this script phase.\necho \"SUCCESS\" > \"${SCRIPT_OUTPUT_FILE_0}\"\n";
			showEnvVarsInLog = 0;
		};
		E5E3E18C2B60111D0030551B /* RSwift */ = {
			isa = PBXShellScriptBuildPhase;
			alwaysOutOfDate = 1;
			buildActionMask = 2147483647;
			files = (
			);
			inputFileListPaths = (
			);
			inputPaths = (
			);
			name = RSwift;
			outputFileListPaths = (
			);
			outputPaths = (
				$SRCROOT/R.generated.swift,
			);
			runOnlyForDeploymentPostprocessing = 0;
			shellPath = /bin/sh;
			shellScript = "\"$PODS_ROOT/R.swift/rswift\" generate \"$SRCROOT/R.generated.swift\"\n";
		};
		E5E3E18D2B6011B90030551B /* SwiftFormat */ = {
			isa = PBXShellScriptBuildPhase;
			buildActionMask = 2147483647;
			files = (
			);
			inputFileListPaths = (
			);
			inputPaths = (
			);
			name = SwiftFormat;
			outputFileListPaths = (
			);
			outputPaths = (
			);
			runOnlyForDeploymentPostprocessing = 0;
			shellPath = /bin/sh;
			shellScript = "if which swiftformat >/dev/null; then\n   swiftformat --config \"$SRCROOT/.swiftformat\" \"$SRCROOT\"\nelse\n   echo \"warning: SwiftFormat not installed\"\nfi\n";
		};
		E5E3E18E2B6011E60030551B /* SwiftLint */ = {
			isa = PBXShellScriptBuildPhase;
			buildActionMask = 2147483647;
			files = (
			);
			inputFileListPaths = (
			);
			inputPaths = (
			);
			name = SwiftLint;
			outputFileListPaths = (
			);
			outputPaths = (
			);
			runOnlyForDeploymentPostprocessing = 0;
			shellPath = /bin/sh;
			shellScript = "if which swiftlint > /dev/null; then\n  swiftlint --config  \"$SRCROOT/.swiftlint.yml\"\nelse\n  echo \"warning: SwiftLint not installed\"\nfi\n";
		};
		ECA6B335BF4A777DE088F1E4 /* [CP] Embed Pods Frameworks */ = {
			isa = PBXShellScriptBuildPhase;
			buildActionMask = 2147483647;
			files = (
			);
			inputFileListPaths = (
				"${PODS_ROOT}/Target Support Files/Pods-Otmetka-x/Pods-Otmetka-x-frameworks-${CONFIGURATION}-input-files.xcfilelist",
			);
			name = "[CP] Embed Pods Frameworks";
			outputFileListPaths = (
				"${PODS_ROOT}/Target Support Files/Pods-Otmetka-x/Pods-Otmetka-x-frameworks-${CONFIGURATION}-output-files.xcfilelist",
			);
			runOnlyForDeploymentPostprocessing = 0;
			shellPath = /bin/sh;
			shellScript = "\"${PODS_ROOT}/Target Support Files/Pods-Otmetka-x/Pods-Otmetka-x-frameworks.sh\"\n";
			showEnvVarsInLog = 0;
		};
/* End PBXShellScriptBuildPhase section */

/* Begin PBXSourcesBuildPhase section */
		E5E3E13E2B6000020030551B /* Sources */ = {
			isa = PBXSourcesBuildPhase;
			buildActionMask = 2147483647;
			files = (
				E5E3E1692B6006050030551B /* CoordinatorProtocol.swift in Sources */,
				E5E3E17F2B600B050030551B /* WelcomePresenter.swift in Sources */,
				E5E3E1882B600CD90030551B /* BaseViewControllerPlugin.swift in Sources */,
				E5E3E16F2B6007520030551B /* ModuleProtocol.swift in Sources */,
				E5E3E1982B60196C0030551B /* Navigator.swift in Sources */,
				E5E3E19B2B6019DE0030551B /* UINavigationBar+Extension.swift in Sources */,
				E5E3E1962B60195D0030551B /* NavigationCoordinator.swift in Sources */,
				E5E3E1942B6019090030551B /* AuthCoordinator.swift in Sources */,
				E5E3E1712B6007A60030551B /* AppCoordinator.swift in Sources */,
				E5E3E1462B6000020030551B /* AppDelegate.swift in Sources */,
				E5E3E18B2B600ED30030551B /* UIViewController+Extension.swift in Sources */,
				E5E3E1902B60138D0030551B /* R.generated.swift in Sources */,
				E5E3E15E2B6002B50030551B /* DependencyStore.swift in Sources */,
				E5E3E15C2B6001D90030551B /* Injected.swift in Sources */,
				E5E3E1852B600C360030551B /* BaseViewController.swift in Sources */,
				E5E3E1672B6005DE0030551B /* CoordinatorFactory.swift in Sources */,
				E5E3E1652B6005400030551B /* MainCoordinator.swift in Sources */,
				E5E3E1812B600B210030551B /* WelcomeInteractor.swift in Sources */,
				E5E3E1782B6008AA0030551B /* WelcomeModule.swift in Sources */,
				E5E3E1602B6002D90030551B /* DependencyStore+RegisterAll.swift in Sources */,
				E5E3E17B2B600A2D0030551B /* ModulesBuilder.swift in Sources */,
				E5E3E1732B6007D90030551B /* BaseCoordinator.swift in Sources */,
				E5E3E16D2B6006970030551B /* InOutableProtocol.swift in Sources */,
				E5E3E17D2B600AFE0030551B /* WelcomeView.swift in Sources */,
			);
			runOnlyForDeploymentPostprocessing = 0;
		};
/* End PBXSourcesBuildPhase section */

/* Begin PBXVariantGroup section */
		E5E3E1502B6000030030551B /* LaunchScreen.storyboard */ = {
			isa = PBXVariantGroup;
			children = (
				E5E3E1512B6000030030551B /* Base */,
			);
			name = LaunchScreen.storyboard;
			sourceTree = "<group>";
		};
/* End PBXVariantGroup section */

/* Begin XCBuildConfiguration section */
		E5E3E1542B6000030030551B /* Debug */ = {
			isa = XCBuildConfiguration;
			buildSettings = {
				ALWAYS_SEARCH_USER_PATHS = NO;
				ASSETCATALOG_COMPILER_GENERATE_SWIFT_ASSET_SYMBOL_EXTENSIONS = YES;
				CLANG_ANALYZER_NONNULL = YES;
				CLANG_ANALYZER_NUMBER_OBJECT_CONVERSION = YES_AGGRESSIVE;
				CLANG_CXX_LANGUAGE_STANDARD = "gnu++20";
				CLANG_ENABLE_MODULES = YES;
				CLANG_ENABLE_OBJC_ARC = YES;
				CLANG_ENABLE_OBJC_WEAK = YES;
				CLANG_WARN_BLOCK_CAPTURE_AUTORELEASING = YES;
				CLANG_WARN_BOOL_CONVERSION = YES;
				CLANG_WARN_COMMA = YES;
				CLANG_WARN_CONSTANT_CONVERSION = YES;
				CLANG_WARN_DEPRECATED_OBJC_IMPLEMENTATIONS = YES;
				CLANG_WARN_DIRECT_OBJC_ISA_USAGE = YES_ERROR;
				CLANG_WARN_DOCUMENTATION_COMMENTS = YES;
				CLANG_WARN_EMPTY_BODY = YES;
				CLANG_WARN_ENUM_CONVERSION = YES;
				CLANG_WARN_INFINITE_RECURSION = YES;
				CLANG_WARN_INT_CONVERSION = YES;
				CLANG_WARN_NON_LITERAL_NULL_CONVERSION = YES;
				CLANG_WARN_OBJC_IMPLICIT_RETAIN_SELF = YES;
				CLANG_WARN_OBJC_LITERAL_CONVERSION = YES;
				CLANG_WARN_OBJC_ROOT_CLASS = YES_ERROR;
				CLANG_WARN_QUOTED_INCLUDE_IN_FRAMEWORK_HEADER = YES;
				CLANG_WARN_RANGE_LOOP_ANALYSIS = YES;
				CLANG_WARN_STRICT_PROTOTYPES = YES;
				CLANG_WARN_SUSPICIOUS_MOVE = YES;
				CLANG_WARN_UNGUARDED_AVAILABILITY = YES_AGGRESSIVE;
				CLANG_WARN_UNREACHABLE_CODE = YES;
				CLANG_WARN__DUPLICATE_METHOD_MATCH = YES;
				COPY_PHASE_STRIP = NO;
				DEBUG_INFORMATION_FORMAT = dwarf;
				ENABLE_STRICT_OBJC_MSGSEND = YES;
				ENABLE_TESTABILITY = YES;
				ENABLE_USER_SCRIPT_SANDBOXING = YES;
				GCC_C_LANGUAGE_STANDARD = gnu17;
				GCC_DYNAMIC_NO_PIC = NO;
				GCC_NO_COMMON_BLOCKS = YES;
				GCC_OPTIMIZATION_LEVEL = 0;
				GCC_PREPROCESSOR_DEFINITIONS = (
					"DEBUG=1",
					"$(inherited)",
				);
				GCC_WARN_64_TO_32_BIT_CONVERSION = YES;
				GCC_WARN_ABOUT_RETURN_TYPE = YES_ERROR;
				GCC_WARN_UNDECLARED_SELECTOR = YES;
				GCC_WARN_UNINITIALIZED_AUTOS = YES_AGGRESSIVE;
				GCC_WARN_UNUSED_FUNCTION = YES;
				GCC_WARN_UNUSED_VARIABLE = YES;
				IPHONEOS_DEPLOYMENT_TARGET = 17.2;
				LOCALIZATION_PREFERS_STRING_CATALOGS = YES;
				MTL_ENABLE_DEBUG_INFO = INCLUDE_SOURCE;
				MTL_FAST_MATH = YES;
				ONLY_ACTIVE_ARCH = YES;
				SDKROOT = iphoneos;
				SWIFT_ACTIVE_COMPILATION_CONDITIONS = "DEBUG $(inherited)";
				SWIFT_OPTIMIZATION_LEVEL = "-Onone";
			};
			name = Debug;
		};
		E5E3E1552B6000030030551B /* Release */ = {
			isa = XCBuildConfiguration;
			buildSettings = {
				ALWAYS_SEARCH_USER_PATHS = NO;
				ASSETCATALOG_COMPILER_GENERATE_SWIFT_ASSET_SYMBOL_EXTENSIONS = YES;
				CLANG_ANALYZER_NONNULL = YES;
				CLANG_ANALYZER_NUMBER_OBJECT_CONVERSION = YES_AGGRESSIVE;
				CLANG_CXX_LANGUAGE_STANDARD = "gnu++20";
				CLANG_ENABLE_MODULES = YES;
				CLANG_ENABLE_OBJC_ARC = YES;
				CLANG_ENABLE_OBJC_WEAK = YES;
				CLANG_WARN_BLOCK_CAPTURE_AUTORELEASING = YES;
				CLANG_WARN_BOOL_CONVERSION = YES;
				CLANG_WARN_COMMA = YES;
				CLANG_WARN_CONSTANT_CONVERSION = YES;
				CLANG_WARN_DEPRECATED_OBJC_IMPLEMENTATIONS = YES;
				CLANG_WARN_DIRECT_OBJC_ISA_USAGE = YES_ERROR;
				CLANG_WARN_DOCUMENTATION_COMMENTS = YES;
				CLANG_WARN_EMPTY_BODY = YES;
				CLANG_WARN_ENUM_CONVERSION = YES;
				CLANG_WARN_INFINITE_RECURSION = YES;
				CLANG_WARN_INT_CONVERSION = YES;
				CLANG_WARN_NON_LITERAL_NULL_CONVERSION = YES;
				CLANG_WARN_OBJC_IMPLICIT_RETAIN_SELF = YES;
				CLANG_WARN_OBJC_LITERAL_CONVERSION = YES;
				CLANG_WARN_OBJC_ROOT_CLASS = YES_ERROR;
				CLANG_WARN_QUOTED_INCLUDE_IN_FRAMEWORK_HEADER = YES;
				CLANG_WARN_RANGE_LOOP_ANALYSIS = YES;
				CLANG_WARN_STRICT_PROTOTYPES = YES;
				CLANG_WARN_SUSPICIOUS_MOVE = YES;
				CLANG_WARN_UNGUARDED_AVAILABILITY = YES_AGGRESSIVE;
				CLANG_WARN_UNREACHABLE_CODE = YES;
				CLANG_WARN__DUPLICATE_METHOD_MATCH = YES;
				COPY_PHASE_STRIP = NO;
				DEBUG_INFORMATION_FORMAT = "dwarf-with-dsym";
				ENABLE_NS_ASSERTIONS = NO;
				ENABLE_STRICT_OBJC_MSGSEND = YES;
				ENABLE_USER_SCRIPT_SANDBOXING = YES;
				GCC_C_LANGUAGE_STANDARD = gnu17;
				GCC_NO_COMMON_BLOCKS = YES;
				GCC_WARN_64_TO_32_BIT_CONVERSION = YES;
				GCC_WARN_ABOUT_RETURN_TYPE = YES_ERROR;
				GCC_WARN_UNDECLARED_SELECTOR = YES;
				GCC_WARN_UNINITIALIZED_AUTOS = YES_AGGRESSIVE;
				GCC_WARN_UNUSED_FUNCTION = YES;
				GCC_WARN_UNUSED_VARIABLE = YES;
				IPHONEOS_DEPLOYMENT_TARGET = 17.2;
				LOCALIZATION_PREFERS_STRING_CATALOGS = YES;
				MTL_ENABLE_DEBUG_INFO = NO;
				MTL_FAST_MATH = YES;
				SDKROOT = iphoneos;
				SWIFT_COMPILATION_MODE = wholemodule;
				VALIDATE_PRODUCT = YES;
			};
			name = Release;
		};
		E5E3E1572B6000030030551B /* Debug */ = {
			isa = XCBuildConfiguration;
			baseConfigurationReference = DE046C858D8417EFBEF9CA05 /* Pods-Otmetka-x.debug.xcconfig */;
			buildSettings = {
				ASSETCATALOG_COMPILER_APPICON_NAME = AppIcon;
				ASSETCATALOG_COMPILER_GLOBAL_ACCENT_COLOR_NAME = AccentColor;
				CODE_SIGN_STYLE = Automatic;
				CURRENT_PROJECT_VERSION = 1;
				DEVELOPMENT_TEAM = KZW6TP3J72;
				ENABLE_USER_SCRIPT_SANDBOXING = NO;
				GENERATE_INFOPLIST_FILE = YES;
				INFOPLIST_FILE = "Otmetka-x/Info.plist";
				INFOPLIST_KEY_CFBundleDisplayName = "Otmetka-x";
				INFOPLIST_KEY_LSApplicationCategoryType = "public.app-category.business";
				INFOPLIST_KEY_UIApplicationSupportsIndirectInputEvents = YES;
				INFOPLIST_KEY_UILaunchStoryboardName = LaunchScreen;
				INFOPLIST_KEY_UISupportedInterfaceOrientations = UIInterfaceOrientationPortrait;
				IPHONEOS_DEPLOYMENT_TARGET = 13.0;
				LD_RUNPATH_SEARCH_PATHS = (
					"$(inherited)",
					"@executable_path/Frameworks",
				);
				MARKETING_VERSION = 0.0.1;
				PRODUCT_BUNDLE_IDENTIFIER = "ru.otmetka..Otmetka-x";
				PRODUCT_NAME = "$(TARGET_NAME)";
				SWIFT_EMIT_LOC_STRINGS = YES;
				SWIFT_VERSION = 5.0;
				TARGETED_DEVICE_FAMILY = "1,2";
			};
			name = Debug;
		};
		E5E3E1582B6000030030551B /* Release */ = {
			isa = XCBuildConfiguration;
			baseConfigurationReference = FCB233754A3EE02B1DEB7179 /* Pods-Otmetka-x.release.xcconfig */;
			buildSettings = {
				ASSETCATALOG_COMPILER_APPICON_NAME = AppIcon;
				ASSETCATALOG_COMPILER_GLOBAL_ACCENT_COLOR_NAME = AccentColor;
				CODE_SIGN_STYLE = Automatic;
				CURRENT_PROJECT_VERSION = 1;
				DEVELOPMENT_TEAM = KZW6TP3J72;
				ENABLE_USER_SCRIPT_SANDBOXING = NO;
				GENERATE_INFOPLIST_FILE = YES;
				INFOPLIST_FILE = "Otmetka-x/Info.plist";
				INFOPLIST_KEY_CFBundleDisplayName = "Otmetka-x";
				INFOPLIST_KEY_LSApplicationCategoryType = "public.app-category.business";
				INFOPLIST_KEY_UIApplicationSupportsIndirectInputEvents = YES;
				INFOPLIST_KEY_UILaunchStoryboardName = LaunchScreen;
				INFOPLIST_KEY_UISupportedInterfaceOrientations = UIInterfaceOrientationPortrait;
				IPHONEOS_DEPLOYMENT_TARGET = 13.0;
				LD_RUNPATH_SEARCH_PATHS = (
					"$(inherited)",
					"@executable_path/Frameworks",
				);
				MARKETING_VERSION = 0.0.1;
				PRODUCT_BUNDLE_IDENTIFIER = "ru.otmetka..Otmetka-x";
				PRODUCT_NAME = "$(TARGET_NAME)";
				SWIFT_EMIT_LOC_STRINGS = YES;
				SWIFT_VERSION = 5.0;
				TARGETED_DEVICE_FAMILY = "1,2";
			};
			name = Release;
		};
/* End XCBuildConfiguration section */

/* Begin XCConfigurationList section */
		E5E3E13D2B6000020030551B /* Build configuration list for PBXProject "Otmetka-x" */ = {
			isa = XCConfigurationList;
			buildConfigurations = (
				E5E3E1542B6000030030551B /* Debug */,
				E5E3E1552B6000030030551B /* Release */,
			);
			defaultConfigurationIsVisible = 0;
			defaultConfigurationName = Release;
		};
		E5E3E1562B6000030030551B /* Build configuration list for PBXNativeTarget "Otmetka-x" */ = {
			isa = XCConfigurationList;
			buildConfigurations = (
				E5E3E1572B6000030030551B /* Debug */,
				E5E3E1582B6000030030551B /* Release */,
			);
			defaultConfigurationIsVisible = 0;
			defaultConfigurationName = Release;
		};
/* End XCConfigurationList section */
	};
	rootObject = E5E3E13A2B6000020030551B /* Project object */;
}
